
Microsoft Visual Studio Solution File, Format Version 12.00
# Visual Studio Version 16
VisualStudioVersion = 16.0.31005.135
MinimumVisualStudioVersion = 10.0.40219.1
Project("{FAE04EC0-301F-11D3-BF4B-00C04F79EFBC}") = "Tischreservierung-Customer", "Tischreservierung-Customer\Tischreservierung-Customer.csproj", "{80D37535-C20B-461B-8B2B-C0D0F65F4EEB}"
EndProject
Project("{FAE04EC0-301F-11D3-BF4B-00C04F79EFBC}") = "Tischreservierung-Employee", "Tischreservierung-Employee\Tischreservierung-Employee.csproj", "{08D5213D-DD89-4C42-920D-7B367F198AA6}"
EndProject
Global
	GlobalSection(SolutionConfigurationPlatforms) = preSolution
		Debug|Any CPU = Debug|Any CPU
		Release|Any CPU = Release|Any CPU
	EndGlobalSection
	GlobalSection(ProjectConfigurationPlatforms) = postSolution
		{80D37535-C20B-461B-8B2B-C0D0F65F4EEB}.Debug|Any CPU.ActiveCfg = Debug|Any CPU
		{80D37535-C20B-461B-8B2B-C0D0F65F4EEB}.Debug|Any CPU.Build.0 = Debug|Any CPU
		{80D37535-C20B-461B-8B2B-C0D0F65F4EEB}.Release|Any CPU.ActiveCfg = Release|Any CPU
		{80D37535-C20B-461B-8B2B-C0D0F65F4EEB}.Release|Any CPU.Build.0 = Release|Any CPU
		{08D5213D-DD89-4C42-920D-7B367F198AA6}.Debug|Any CPU.ActiveCfg = Debug|Any CPU
		{08D5213D-DD89-4C42-920D-7B367F198AA6}.Debug|Any CPU.Build.0 = Debug|Any CPU
		{08D5213D-DD89-4C42-920D-7B367F198AA6}.Release|Any CPU.ActiveCfg = Release|Any CPU
		{08D5213D-DD89-4C42-920D-7B367F198AA6}.Release|Any CPU.Build.0 = Release|Any CPU
	EndGlobalSection
	GlobalSection(SolutionProperties) = preSolution
		HideSolutionNode = FALSE
	EndGlobalSection
	GlobalSection(ExtensibilityGlobals) = postSolution
		SolutionGuid = {3860658A-7FE1-434B-8627-768DA122228E}
	EndGlobalSection
EndGlobal
